
Microsoft Visual Studio Solution File, Format Version 12.00
# Visual Studio 14
VisualStudioVersion = 14.0.25420.1
MinimumVisualStudioVersion = 10.0.40219.1
Project("{FAE04EC0-301F-11D3-BF4B-00C04F79EFBC}") = "DMECommerce.Web", "DMECommerce.Web\DMECommerce.Web.csproj", "{1F6D4C70-A5C8-4081-8029-8503F202427B}"
EndProject
Project("{2150E333-8FDC-42A3-9474-1A3956D46DE8}") = "Mobile", "Mobile", "{BB5F062B-B5F4-4C91-9B51-FABFD4151C57}"
EndProject
Project("{FAE04EC0-301F-11D3-BF4B-00C04F79EFBC}") = "DMECommerce.Mobile.Shared", "DMECommerce.Mobile.Shared\DMECommerce.Mobile.Shared.csproj", "{DACD7FEB-3FCE-4108-870B-2293903A6F72}"
EndProject
Project("{FAE04EC0-301F-11D3-BF4B-00C04F79EFBC}") = "DMECommerce.Mobile.XDroid", "DMECommerce.Mobile.XDroid\DMECommerce.Mobile.XDroid.csproj", "{0393D583-541C-43B7-8693-ABD7B6548E6F}"
EndProject
Project("{FAE04EC0-301F-11D3-BF4B-00C04F79EFBC}") = "DMECommerce.Mobile.iOS", "DMECommerce.Mobile.iOS\DMECommerce.Mobile.iOS.csproj", "{D69BE81C-5582-4289-8CF4-08E20E8300E5}"
EndProject
Project("{2150E333-8FDC-42A3-9474-1A3956D46DE8}") = "Web", "Web", "{4A3CB074-E2B9-4480-9E4C-004819790290}"
EndProject
Project("{FAE04EC0-301F-11D3-BF4B-00C04F79EFBC}") = "DMECommerce.Web.BLL", "DMECommerce.Web.BLL\DMECommerce.Web.BLL.csproj", "{B4B1D195-32B9-4795-B088-79B75BDA0637}"
EndProject
Project("{FAE04EC0-301F-11D3-BF4B-00C04F79EFBC}") = "DMECommerce.Web.DAL", "DMECommerce.Web.DAL\DMECommerce.Web.DAL.csproj", "{B3487A66-7C64-4999-9B74-8218A47582AA}"
EndProject
Project("{2150E333-8FDC-42A3-9474-1A3956D46DE8}") = "Common", "Common", "{420E759D-49A7-4B93-8CE0-0D5F53F1F902}"
EndProject
Project("{FAE04EC0-301F-11D3-BF4B-00C04F79EFBC}") = "DMECommerce.Common.Helpers", "DMECommerce.Common.Helpers\DMECommerce.Common.Helpers.csproj", "{B7723FAC-DFB3-4174-A5A7-A2AAC1DECE8E}"
EndProject
Project("{FAE04EC0-301F-11D3-BF4B-00C04F79EFBC}") = "DMECommerce.Common.DTO", "DMECommerce.Common.DTO\DMECommerce.Common.DTO.csproj", "{57F76522-B312-4056-9350-42ED611DFC19}"
EndProject
Project("{2150E333-8FDC-42A3-9474-1A3956D46DE8}") = "Test", "Test", "{B93497F8-6086-4E39-96D5-1FF53E305E17}"
EndProject
Project("{FAE04EC0-301F-11D3-BF4B-00C04F79EFBC}") = "DMECommerce.Test", "DMECommerce.Test\DMECommerce.Test.csproj", "{3A544DA5-7279-4C07-BB92-33238C14C912}"
EndProject
Global
	GlobalSection(SolutionConfigurationPlatforms) = preSolution
		Ad-Hoc|Any CPU = Ad-Hoc|Any CPU
		Ad-Hoc|iPhone = Ad-Hoc|iPhone
		Ad-Hoc|iPhoneSimulator = Ad-Hoc|iPhoneSimulator
		AppStore|Any CPU = AppStore|Any CPU
		AppStore|iPhone = AppStore|iPhone
		AppStore|iPhoneSimulator = AppStore|iPhoneSimulator
		Debug|Any CPU = Debug|Any CPU
		Debug|iPhone = Debug|iPhone
		Debug|iPhoneSimulator = Debug|iPhoneSimulator
		Release|Any CPU = Release|Any CPU
		Release|iPhone = Release|iPhone
		Release|iPhoneSimulator = Release|iPhoneSimulator
	EndGlobalSection
	GlobalSection(ProjectConfigurationPlatforms) = postSolution
		{1F6D4C70-A5C8-4081-8029-8503F202427B}.Ad-Hoc|Any CPU.ActiveCfg = Release|Any CPU
		{1F6D4C70-A5C8-4081-8029-8503F202427B}.Ad-Hoc|Any CPU.Build.0 = Release|Any CPU
		{1F6D4C70-A5C8-4081-8029-8503F202427B}.Ad-Hoc|iPhone.ActiveCfg = Release|Any CPU
		{1F6D4C70-A5C8-4081-8029-8503F202427B}.Ad-Hoc|iPhone.Build.0 = Release|Any CPU
		{1F6D4C70-A5C8-4081-8029-8503F202427B}.Ad-Hoc|iPhoneSimulator.ActiveCfg = Release|Any CPU
		{1F6D4C70-A5C8-4081-8029-8503F202427B}.Ad-Hoc|iPhoneSimulator.Build.0 = Release|Any CPU
		{1F6D4C70-A5C8-4081-8029-8503F202427B}.AppStore|Any CPU.ActiveCfg = Release|Any CPU
		{1F6D4C70-A5C8-4081-8029-8503F202427B}.AppStore|Any CPU.Build.0 = Release|Any CPU
		{1F6D4C70-A5C8-4081-8029-8503F202427B}.AppStore|iPhone.ActiveCfg = Release|Any CPU
		{1F6D4C70-A5C8-4081-8029-8503F202427B}.AppStore|iPhone.Build.0 = Release|Any CPU
		{1F6D4C70-A5C8-4081-8029-8503F202427B}.AppStore|iPhoneSimulator.ActiveCfg = Release|Any CPU
		{1F6D4C70-A5C8-4081-8029-8503F202427B}.AppStore|iPhoneSimulator.Build.0 = Release|Any CPU
		{1F6D4C70-A5C8-4081-8029-8503F202427B}.Debug|Any CPU.ActiveCfg = Debug|Any CPU
		{1F6D4C70-A5C8-4081-8029-8503F202427B}.Debug|Any CPU.Build.0 = Debug|Any CPU
		{1F6D4C70-A5C8-4081-8029-8503F202427B}.Debug|iPhone.ActiveCfg = Debug|Any CPU
		{1F6D4C70-A5C8-4081-8029-8503F202427B}.Debug|iPhone.Build.0 = Debug|Any CPU
		{1F6D4C70-A5C8-4081-8029-8503F202427B}.Debug|iPhoneSimulator.ActiveCfg = Debug|Any CPU
		{1F6D4C70-A5C8-4081-8029-8503F202427B}.Debug|iPhoneSimulator.Build.0 = Debug|Any CPU
		{1F6D4C70-A5C8-4081-8029-8503F202427B}.Release|Any CPU.ActiveCfg = Release|Any CPU
		{1F6D4C70-A5C8-4081-8029-8503F202427B}.Release|Any CPU.Build.0 = Release|Any CPU
		{1F6D4C70-A5C8-4081-8029-8503F202427B}.Release|iPhone.ActiveCfg = Release|Any CPU
		{1F6D4C70-A5C8-4081-8029-8503F202427B}.Release|iPhone.Build.0 = Release|Any CPU
		{1F6D4C70-A5C8-4081-8029-8503F202427B}.Release|iPhoneSimulator.ActiveCfg = Release|Any CPU
		{1F6D4C70-A5C8-4081-8029-8503F202427B}.Release|iPhoneSimulator.Build.0 = Release|Any CPU
		{DACD7FEB-3FCE-4108-870B-2293903A6F72}.Ad-Hoc|Any CPU.ActiveCfg = Release|Any CPU
		{DACD7FEB-3FCE-4108-870B-2293903A6F72}.Ad-Hoc|Any CPU.Build.0 = Release|Any CPU
		{DACD7FEB-3FCE-4108-870B-2293903A6F72}.Ad-Hoc|iPhone.ActiveCfg = Release|Any CPU
		{DACD7FEB-3FCE-4108-870B-2293903A6F72}.Ad-Hoc|iPhone.Build.0 = Release|Any CPU
		{DACD7FEB-3FCE-4108-870B-2293903A6F72}.Ad-Hoc|iPhoneSimulator.ActiveCfg = Release|Any CPU
		{DACD7FEB-3FCE-4108-870B-2293903A6F72}.Ad-Hoc|iPhoneSimulator.Build.0 = Release|Any CPU
		{DACD7FEB-3FCE-4108-870B-2293903A6F72}.AppStore|Any CPU.ActiveCfg = Release|Any CPU
		{DACD7FEB-3FCE-4108-870B-2293903A6F72}.AppStore|Any CPU.Build.0 = Release|Any CPU
		{DACD7FEB-3FCE-4108-870B-2293903A6F72}.AppStore|iPhone.ActiveCfg = Release|Any CPU
		{DACD7FEB-3FCE-4108-870B-2293903A6F72}.AppStore|iPhone.Build.0 = Release|Any CPU
		{DACD7FEB-3FCE-4108-870B-2293903A6F72}.AppStore|iPhoneSimulator.ActiveCfg = Release|Any CPU
		{DACD7FEB-3FCE-4108-870B-2293903A6F72}.AppStore|iPhoneSimulator.Build.0 = Release|Any CPU
		{DACD7FEB-3FCE-4108-870B-2293903A6F72}.Debug|Any CPU.ActiveCfg = Debug|Any CPU
		{DACD7FEB-3FCE-4108-870B-2293903A6F72}.Debug|Any CPU.Build.0 = Debug|Any CPU
		{DACD7FEB-3FCE-4108-870B-2293903A6F72}.Debug|iPhone.ActiveCfg = Debug|Any CPU
		{DACD7FEB-3FCE-4108-870B-2293903A6F72}.Debug|iPhone.Build.0 = Debug|Any CPU
		{DACD7FEB-3FCE-4108-870B-2293903A6F72}.Debug|iPhoneSimulator.ActiveCfg = Debug|Any CPU
		{DACD7FEB-3FCE-4108-870B-2293903A6F72}.Debug|iPhoneSimulator.Build.0 = Debug|Any CPU
		{DACD7FEB-3FCE-4108-870B-2293903A6F72}.Release|Any CPU.ActiveCfg = Release|Any CPU
		{DACD7FEB-3FCE-4108-870B-2293903A6F72}.Release|Any CPU.Build.0 = Release|Any CPU
		{DACD7FEB-3FCE-4108-870B-2293903A6F72}.Release|iPhone.ActiveCfg = Release|Any CPU
		{DACD7FEB-3FCE-4108-870B-2293903A6F72}.Release|iPhone.Build.0 = Release|Any CPU
		{DACD7FEB-3FCE-4108-870B-2293903A6F72}.Release|iPhoneSimulator.ActiveCfg = Release|Any CPU
		{DACD7FEB-3FCE-4108-870B-2293903A6F72}.Release|iPhoneSimulator.Build.0 = Release|Any CPU
		{0393D583-541C-43B7-8693-ABD7B6548E6F}.Ad-Hoc|Any CPU.ActiveCfg = Release|Any CPU
		{0393D583-541C-43B7-8693-ABD7B6548E6F}.Ad-Hoc|Any CPU.Build.0 = Release|Any CPU
		{0393D583-541C-43B7-8693-ABD7B6548E6F}.Ad-Hoc|Any CPU.Deploy.0 = Release|Any CPU
		{0393D583-541C-43B7-8693-ABD7B6548E6F}.Ad-Hoc|iPhone.ActiveCfg = Release|Any CPU
		{0393D583-541C-43B7-8693-ABD7B6548E6F}.Ad-Hoc|iPhone.Build.0 = Release|Any CPU
		{0393D583-541C-43B7-8693-ABD7B6548E6F}.Ad-Hoc|iPhone.Deploy.0 = Release|Any CPU
		{0393D583-541C-43B7-8693-ABD7B6548E6F}.Ad-Hoc|iPhoneSimulator.ActiveCfg = Release|Any CPU
		{0393D583-541C-43B7-8693-ABD7B6548E6F}.Ad-Hoc|iPhoneSimulator.Build.0 = Release|Any CPU
		{0393D583-541C-43B7-8693-ABD7B6548E6F}.Ad-Hoc|iPhoneSimulator.Deploy.0 = Release|Any CPU
		{0393D583-541C-43B7-8693-ABD7B6548E6F}.AppStore|Any CPU.ActiveCfg = Release|Any CPU
		{0393D583-541C-43B7-8693-ABD7B6548E6F}.AppStore|Any CPU.Build.0 = Release|Any CPU
		{0393D583-541C-43B7-8693-ABD7B6548E6F}.AppStore|Any CPU.Deploy.0 = Release|Any CPU
		{0393D583-541C-43B7-8693-ABD7B6548E6F}.AppStore|iPhone.ActiveCfg = Release|Any CPU
		{0393D583-541C-43B7-8693-ABD7B6548E6F}.AppStore|iPhone.Build.0 = Release|Any CPU
		{0393D583-541C-43B7-8693-ABD7B6548E6F}.AppStore|iPhone.Deploy.0 = Release|Any CPU
		{0393D583-541C-43B7-8693-ABD7B6548E6F}.AppStore|iPhoneSimulator.ActiveCfg = Release|Any CPU
		{0393D583-541C-43B7-8693-ABD7B6548E6F}.AppStore|iPhoneSimulator.Build.0 = Release|Any CPU
		{0393D583-541C-43B7-8693-ABD7B6548E6F}.AppStore|iPhoneSimulator.Deploy.0 = Release|Any CPU
		{0393D583-541C-43B7-8693-ABD7B6548E6F}.Debug|Any CPU.ActiveCfg = Debug|Any CPU
		{0393D583-541C-43B7-8693-ABD7B6548E6F}.Debug|Any CPU.Build.0 = Debug|Any CPU
		{0393D583-541C-43B7-8693-ABD7B6548E6F}.Debug|Any CPU.Deploy.0 = Debug|Any CPU
		{0393D583-541C-43B7-8693-ABD7B6548E6F}.Debug|iPhone.ActiveCfg = Debug|Any CPU
		{0393D583-541C-43B7-8693-ABD7B6548E6F}.Debug|iPhone.Build.0 = Debug|Any CPU
		{0393D583-541C-43B7-8693-ABD7B6548E6F}.Debug|iPhone.Deploy.0 = Debug|Any CPU
		{0393D583-541C-43B7-8693-ABD7B6548E6F}.Debug|iPhoneSimulator.ActiveCfg = Debug|Any CPU
		{0393D583-541C-43B7-8693-ABD7B6548E6F}.Debug|iPhoneSimulator.Build.0 = Debug|Any CPU
		{0393D583-541C-43B7-8693-ABD7B6548E6F}.Debug|iPhoneSimulator.Deploy.0 = Debug|Any CPU
		{0393D583-541C-43B7-8693-ABD7B6548E6F}.Release|Any CPU.ActiveCfg = Release|Any CPU
		{0393D583-541C-43B7-8693-ABD7B6548E6F}.Release|Any CPU.Build.0 = Release|Any CPU
		{0393D583-541C-43B7-8693-ABD7B6548E6F}.Release|Any CPU.Deploy.0 = Release|Any CPU
		{0393D583-541C-43B7-8693-ABD7B6548E6F}.Release|iPhone.ActiveCfg = Release|Any CPU
		{0393D583-541C-43B7-8693-ABD7B6548E6F}.Release|iPhone.Build.0 = Release|Any CPU
		{0393D583-541C-43B7-8693-ABD7B6548E6F}.Release|iPhone.Deploy.0 = Release|Any CPU
		{0393D583-541C-43B7-8693-ABD7B6548E6F}.Release|iPhoneSimulator.ActiveCfg = Release|Any CPU
		{0393D583-541C-43B7-8693-ABD7B6548E6F}.Release|iPhoneSimulator.Build.0 = Release|Any CPU
		{0393D583-541C-43B7-8693-ABD7B6548E6F}.Release|iPhoneSimulator.Deploy.0 = Release|Any CPU
		{D69BE81C-5582-4289-8CF4-08E20E8300E5}.Ad-Hoc|Any CPU.ActiveCfg = Ad-Hoc|iPhone
		{D69BE81C-5582-4289-8CF4-08E20E8300E5}.Ad-Hoc|iPhone.ActiveCfg = Ad-Hoc|iPhone
		{D69BE81C-5582-4289-8CF4-08E20E8300E5}.Ad-Hoc|iPhone.Build.0 = Ad-Hoc|iPhone
		{D69BE81C-5582-4289-8CF4-08E20E8300E5}.Ad-Hoc|iPhoneSimulator.ActiveCfg = Ad-Hoc|iPhoneSimulator
		{D69BE81C-5582-4289-8CF4-08E20E8300E5}.Ad-Hoc|iPhoneSimulator.Build.0 = Ad-Hoc|iPhoneSimulator
		{D69BE81C-5582-4289-8CF4-08E20E8300E5}.AppStore|Any CPU.ActiveCfg = AppStore|iPhone
		{D69BE81C-5582-4289-8CF4-08E20E8300E5}.AppStore|iPhone.ActiveCfg = AppStore|iPhone
		{D69BE81C-5582-4289-8CF4-08E20E8300E5}.AppStore|iPhone.Build.0 = AppStore|iPhone
		{D69BE81C-5582-4289-8CF4-08E20E8300E5}.AppStore|iPhoneSimulator.ActiveCfg = AppStore|iPhoneSimulator
		{D69BE81C-5582-4289-8CF4-08E20E8300E5}.AppStore|iPhoneSimulator.Build.0 = AppStore|iPhoneSimulator
		{D69BE81C-5582-4289-8CF4-08E20E8300E5}.Debug|Any CPU.ActiveCfg = Debug|iPhone
		{D69BE81C-5582-4289-8CF4-08E20E8300E5}.Debug|iPhone.ActiveCfg = Debug|iPhone
		{D69BE81C-5582-4289-8CF4-08E20E8300E5}.Debug|iPhone.Build.0 = Debug|iPhone
		{D69BE81C-5582-4289-8CF4-08E20E8300E5}.Debug|iPhoneSimulator.ActiveCfg = Debug|iPhoneSimulator
		{D69BE81C-5582-4289-8CF4-08E20E8300E5}.Debug|iPhoneSimulator.Build.0 = Debug|iPhoneSimulator
		{D69BE81C-5582-4289-8CF4-08E20E8300E5}.Release|Any CPU.ActiveCfg = Release|iPhone
		{D69BE81C-5582-4289-8CF4-08E20E8300E5}.Release|iPhone.ActiveCfg = Release|iPhone
		{D69BE81C-5582-4289-8CF4-08E20E8300E5}.Release|iPhone.Build.0 = Release|iPhone
		{D69BE81C-5582-4289-8CF4-08E20E8300E5}.Release|iPhoneSimulator.ActiveCfg = Release|iPhoneSimulator
		{D69BE81C-5582-4289-8CF4-08E20E8300E5}.Release|iPhoneSimulator.Build.0 = Release|iPhoneSimulator
		{B4B1D195-32B9-4795-B088-79B75BDA0637}.Ad-Hoc|Any CPU.ActiveCfg = Release|Any CPU
		{B4B1D195-32B9-4795-B088-79B75BDA0637}.Ad-Hoc|Any CPU.Build.0 = Release|Any CPU
		{B4B1D195-32B9-4795-B088-79B75BDA0637}.Ad-Hoc|iPhone.ActiveCfg = Release|Any CPU
		{B4B1D195-32B9-4795-B088-79B75BDA0637}.Ad-Hoc|iPhone.Build.0 = Release|Any CPU
		{B4B1D195-32B9-4795-B088-79B75BDA0637}.Ad-Hoc|iPhoneSimulator.ActiveCfg = Release|Any CPU
		{B4B1D195-32B9-4795-B088-79B75BDA0637}.Ad-Hoc|iPhoneSimulator.Build.0 = Release|Any CPU
		{B4B1D195-32B9-4795-B088-79B75BDA0637}.AppStore|Any CPU.ActiveCfg = Release|Any CPU
		{B4B1D195-32B9-4795-B088-79B75BDA0637}.AppStore|Any CPU.Build.0 = Release|Any CPU
		{B4B1D195-32B9-4795-B088-79B75BDA0637}.AppStore|iPhone.ActiveCfg = Release|Any CPU
		{B4B1D195-32B9-4795-B088-79B75BDA0637}.AppStore|iPhone.Build.0 = Release|Any CPU
		{B4B1D195-32B9-4795-B088-79B75BDA0637}.AppStore|iPhoneSimulator.ActiveCfg = Release|Any CPU
		{B4B1D195-32B9-4795-B088-79B75BDA0637}.AppStore|iPhoneSimulator.Build.0 = Release|Any CPU
		{B4B1D195-32B9-4795-B088-79B75BDA0637}.Debug|Any CPU.ActiveCfg = Debug|Any CPU
		{B4B1D195-32B9-4795-B088-79B75BDA0637}.Debug|Any CPU.Build.0 = Debug|Any CPU
		{B4B1D195-32B9-4795-B088-79B75BDA0637}.Debug|iPhone.ActiveCfg = Debug|Any CPU
		{B4B1D195-32B9-4795-B088-79B75BDA0637}.Debug|iPhone.Build.0 = Debug|Any CPU
		{B4B1D195-32B9-4795-B088-79B75BDA0637}.Debug|iPhoneSimulator.ActiveCfg = Debug|Any CPU
		{B4B1D195-32B9-4795-B088-79B75BDA0637}.Debug|iPhoneSimulator.Build.0 = Debug|Any CPU
		{B4B1D195-32B9-4795-B088-79B75BDA0637}.Release|Any CPU.ActiveCfg = Release|Any CPU
		{B4B1D195-32B9-4795-B088-79B75BDA0637}.Release|Any CPU.Build.0 = Release|Any CPU
		{B4B1D195-32B9-4795-B088-79B75BDA0637}.Release|iPhone.ActiveCfg = Release|Any CPU
		{B4B1D195-32B9-4795-B088-79B75BDA0637}.Release|iPhone.Build.0 = Release|Any CPU
		{B4B1D195-32B9-4795-B088-79B75BDA0637}.Release|iPhoneSimulator.ActiveCfg = Release|Any CPU
		{B4B1D195-32B9-4795-B088-79B75BDA0637}.Release|iPhoneSimulator.Build.0 = Release|Any CPU
		{B3487A66-7C64-4999-9B74-8218A47582AA}.Ad-Hoc|Any CPU.ActiveCfg = Release|Any CPU
		{B3487A66-7C64-4999-9B74-8218A47582AA}.Ad-Hoc|Any CPU.Build.0 = Release|Any CPU
		{B3487A66-7C64-4999-9B74-8218A47582AA}.Ad-Hoc|iPhone.ActiveCfg = Release|Any CPU
		{B3487A66-7C64-4999-9B74-8218A47582AA}.Ad-Hoc|iPhone.Build.0 = Release|Any CPU
		{B3487A66-7C64-4999-9B74-8218A47582AA}.Ad-Hoc|iPhoneSimulator.ActiveCfg = Release|Any CPU
		{B3487A66-7C64-4999-9B74-8218A47582AA}.Ad-Hoc|iPhoneSimulator.Build.0 = Release|Any CPU
		{B3487A66-7C64-4999-9B74-8218A47582AA}.AppStore|Any CPU.ActiveCfg = Release|Any CPU
		{B3487A66-7C64-4999-9B74-8218A47582AA}.AppStore|Any CPU.Build.0 = Release|Any CPU
		{B3487A66-7C64-4999-9B74-8218A47582AA}.AppStore|iPhone.ActiveCfg = Release|Any CPU
		{B3487A66-7C64-4999-9B74-8218A47582AA}.AppStore|iPhone.Build.0 = Release|Any CPU
		{B3487A66-7C64-4999-9B74-8218A47582AA}.AppStore|iPhoneSimulator.ActiveCfg = Release|Any CPU
		{B3487A66-7C64-4999-9B74-8218A47582AA}.AppStore|iPhoneSimulator.Build.0 = Release|Any CPU
		{B3487A66-7C64-4999-9B74-8218A47582AA}.Debug|Any CPU.ActiveCfg = Debug|Any CPU
		{B3487A66-7C64-4999-9B74-8218A47582AA}.Debug|Any CPU.Build.0 = Debug|Any CPU
		{B3487A66-7C64-4999-9B74-8218A47582AA}.Debug|iPhone.ActiveCfg = Debug|Any CPU
		{B3487A66-7C64-4999-9B74-8218A47582AA}.Debug|iPhone.Build.0 = Debug|Any CPU
		{B3487A66-7C64-4999-9B74-8218A47582AA}.Debug|iPhoneSimulator.ActiveCfg = Debug|Any CPU
		{B3487A66-7C64-4999-9B74-8218A47582AA}.Debug|iPhoneSimulator.Build.0 = Debug|Any CPU
		{B3487A66-7C64-4999-9B74-8218A47582AA}.Release|Any CPU.ActiveCfg = Release|Any CPU
		{B3487A66-7C64-4999-9B74-8218A47582AA}.Release|Any CPU.Build.0 = Release|Any CPU
		{B3487A66-7C64-4999-9B74-8218A47582AA}.Release|iPhone.ActiveCfg = Release|Any CPU
		{B3487A66-7C64-4999-9B74-8218A47582AA}.Release|iPhone.Build.0 = Release|Any CPU
		{B3487A66-7C64-4999-9B74-8218A47582AA}.Release|iPhoneSimulator.ActiveCfg = Release|Any CPU
		{B3487A66-7C64-4999-9B74-8218A47582AA}.Release|iPhoneSimulator.Build.0 = Release|Any CPU
		{B7723FAC-DFB3-4174-A5A7-A2AAC1DECE8E}.Ad-Hoc|Any CPU.ActiveCfg = Release|Any CPU
		{B7723FAC-DFB3-4174-A5A7-A2AAC1DECE8E}.Ad-Hoc|Any CPU.Build.0 = Release|Any CPU
		{B7723FAC-DFB3-4174-A5A7-A2AAC1DECE8E}.Ad-Hoc|iPhone.ActiveCfg = Release|Any CPU
		{B7723FAC-DFB3-4174-A5A7-A2AAC1DECE8E}.Ad-Hoc|iPhone.Build.0 = Release|Any CPU
		{B7723FAC-DFB3-4174-A5A7-A2AAC1DECE8E}.Ad-Hoc|iPhoneSimulator.ActiveCfg = Release|Any CPU
		{B7723FAC-DFB3-4174-A5A7-A2AAC1DECE8E}.Ad-Hoc|iPhoneSimulator.Build.0 = Release|Any CPU
		{B7723FAC-DFB3-4174-A5A7-A2AAC1DECE8E}.AppStore|Any CPU.ActiveCfg = Release|Any CPU
		{B7723FAC-DFB3-4174-A5A7-A2AAC1DECE8E}.AppStore|Any CPU.Build.0 = Release|Any CPU
		{B7723FAC-DFB3-4174-A5A7-A2AAC1DECE8E}.AppStore|iPhone.ActiveCfg = Release|Any CPU
		{B7723FAC-DFB3-4174-A5A7-A2AAC1DECE8E}.AppStore|iPhone.Build.0 = Release|Any CPU
		{B7723FAC-DFB3-4174-A5A7-A2AAC1DECE8E}.AppStore|iPhoneSimulator.ActiveCfg = Release|Any CPU
		{B7723FAC-DFB3-4174-A5A7-A2AAC1DECE8E}.AppStore|iPhoneSimulator.Build.0 = Release|Any CPU
		{B7723FAC-DFB3-4174-A5A7-A2AAC1DECE8E}.Debug|Any CPU.ActiveCfg = Debug|Any CPU
		{B7723FAC-DFB3-4174-A5A7-A2AAC1DECE8E}.Debug|Any CPU.Build.0 = Debug|Any CPU
		{B7723FAC-DFB3-4174-A5A7-A2AAC1DECE8E}.Debug|iPhone.ActiveCfg = Debug|Any CPU
		{B7723FAC-DFB3-4174-A5A7-A2AAC1DECE8E}.Debug|iPhone.Build.0 = Debug|Any CPU
		{B7723FAC-DFB3-4174-A5A7-A2AAC1DECE8E}.Debug|iPhoneSimulator.ActiveCfg = Debug|Any CPU
		{B7723FAC-DFB3-4174-A5A7-A2AAC1DECE8E}.Debug|iPhoneSimulator.Build.0 = Debug|Any CPU
		{B7723FAC-DFB3-4174-A5A7-A2AAC1DECE8E}.Release|Any CPU.ActiveCfg = Release|Any CPU
		{B7723FAC-DFB3-4174-A5A7-A2AAC1DECE8E}.Release|Any CPU.Build.0 = Release|Any CPU
		{B7723FAC-DFB3-4174-A5A7-A2AAC1DECE8E}.Release|iPhone.ActiveCfg = Release|Any CPU
		{B7723FAC-DFB3-4174-A5A7-A2AAC1DECE8E}.Release|iPhone.Build.0 = Release|Any CPU
		{B7723FAC-DFB3-4174-A5A7-A2AAC1DECE8E}.Release|iPhoneSimulator.ActiveCfg = Release|Any CPU
		{B7723FAC-DFB3-4174-A5A7-A2AAC1DECE8E}.Release|iPhoneSimulator.Build.0 = Release|Any CPU
		{57F76522-B312-4056-9350-42ED611DFC19}.Ad-Hoc|Any CPU.ActiveCfg = Release|Any CPU
		{57F76522-B312-4056-9350-42ED611DFC19}.Ad-Hoc|Any CPU.Build.0 = Release|Any CPU
		{57F76522-B312-4056-9350-42ED611DFC19}.Ad-Hoc|iPhone.ActiveCfg = Release|Any CPU
		{57F76522-B312-4056-9350-42ED611DFC19}.Ad-Hoc|iPhone.Build.0 = Release|Any CPU
		{57F76522-B312-4056-9350-42ED611DFC19}.Ad-Hoc|iPhoneSimulator.ActiveCfg = Release|Any CPU
		{57F76522-B312-4056-9350-42ED611DFC19}.Ad-Hoc|iPhoneSimulator.Build.0 = Release|Any CPU
		{57F76522-B312-4056-9350-42ED611DFC19}.AppStore|Any CPU.ActiveCfg = Release|Any CPU
		{57F76522-B312-4056-9350-42ED611DFC19}.AppStore|Any CPU.Build.0 = Release|Any CPU
		{57F76522-B312-4056-9350-42ED611DFC19}.AppStore|iPhone.ActiveCfg = Release|Any CPU
		{57F76522-B312-4056-9350-42ED611DFC19}.AppStore|iPhone.Build.0 = Release|Any CPU
		{57F76522-B312-4056-9350-42ED611DFC19}.AppStore|iPhoneSimulator.ActiveCfg = Release|Any CPU
		{57F76522-B312-4056-9350-42ED611DFC19}.AppStore|iPhoneSimulator.Build.0 = Release|Any CPU
		{57F76522-B312-4056-9350-42ED611DFC19}.Debug|Any CPU.ActiveCfg = Debug|Any CPU
		{57F76522-B312-4056-9350-42ED611DFC19}.Debug|Any CPU.Build.0 = Debug|Any CPU
		{57F76522-B312-4056-9350-42ED611DFC19}.Debug|iPhone.ActiveCfg = Debug|Any CPU
		{57F76522-B312-4056-9350-42ED611DFC19}.Debug|iPhone.Build.0 = Debug|Any CPU
		{57F76522-B312-4056-9350-42ED611DFC19}.Debug|iPhoneSimulator.ActiveCfg = Debug|Any CPU
		{57F76522-B312-4056-9350-42ED611DFC19}.Debug|iPhoneSimulator.Build.0 = Debug|Any CPU
		{57F76522-B312-4056-9350-42ED611DFC19}.Release|Any CPU.ActiveCfg = Release|Any CPU
		{57F76522-B312-4056-9350-42ED611DFC19}.Release|Any CPU.Build.0 = Release|Any CPU
		{57F76522-B312-4056-9350-42ED611DFC19}.Release|iPhone.ActiveCfg = Release|Any CPU
		{57F76522-B312-4056-9350-42ED611DFC19}.Release|iPhone.Build.0 = Release|Any CPU
		{57F76522-B312-4056-9350-42ED611DFC19}.Release|iPhoneSimulator.ActiveCfg = Release|Any CPU
		{57F76522-B312-4056-9350-42ED611DFC19}.Release|iPhoneSimulator.Build.0 = Release|Any CPU
		{3A544DA5-7279-4C07-BB92-33238C14C912}.Ad-Hoc|Any CPU.ActiveCfg = Release|Any CPU
		{3A544DA5-7279-4C07-BB92-33238C14C912}.Ad-Hoc|Any CPU.Build.0 = Release|Any CPU
		{3A544DA5-7279-4C07-BB92-33238C14C912}.Ad-Hoc|iPhone.ActiveCfg = Release|Any CPU
		{3A544DA5-7279-4C07-BB92-33238C14C912}.Ad-Hoc|iPhone.Build.0 = Release|Any CPU
		{3A544DA5-7279-4C07-BB92-33238C14C912}.Ad-Hoc|iPhoneSimulator.ActiveCfg = Release|Any CPU
		{3A544DA5-7279-4C07-BB92-33238C14C912}.Ad-Hoc|iPhoneSimulator.Build.0 = Release|Any CPU
		{3A544DA5-7279-4C07-BB92-33238C14C912}.AppStore|Any CPU.ActiveCfg = Release|Any CPU
		{3A544DA5-7279-4C07-BB92-33238C14C912}.AppStore|Any CPU.Build.0 = Release|Any CPU
		{3A544DA5-7279-4C07-BB92-33238C14C912}.AppStore|iPhone.ActiveCfg = Release|Any CPU
		{3A544DA5-7279-4C07-BB92-33238C14C912}.AppStore|iPhone.Build.0 = Release|Any CPU
		{3A544DA5-7279-4C07-BB92-33238C14C912}.AppStore|iPhoneSimulator.ActiveCfg = Release|Any CPU
		{3A544DA5-7279-4C07-BB92-33238C14C912}.AppStore|iPhoneSimulator.Build.0 = Release|Any CPU
		{3A544DA5-7279-4C07-BB92-33238C14C912}.Debug|Any CPU.ActiveCfg = Debug|Any CPU
		{3A544DA5-7279-4C07-BB92-33238C14C912}.Debug|Any CPU.Build.0 = Debug|Any CPU
		{3A544DA5-7279-4C07-BB92-33238C14C912}.Debug|iPhone.ActiveCfg = Debug|Any CPU
		{3A544DA5-7279-4C07-BB92-33238C14C912}.Debug|iPhone.Build.0 = Debug|Any CPU
		{3A544DA5-7279-4C07-BB92-33238C14C912}.Debug|iPhoneSimulator.ActiveCfg = Debug|Any CPU
		{3A544DA5-7279-4C07-BB92-33238C14C912}.Debug|iPhoneSimulator.Build.0 = Debug|Any CPU
		{3A544DA5-7279-4C07-BB92-33238C14C912}.Release|Any CPU.ActiveCfg = Release|Any CPU
		{3A544DA5-7279-4C07-BB92-33238C14C912}.Release|Any CPU.Build.0 = Release|Any CPU
		{3A544DA5-7279-4C07-BB92-33238C14C912}.Release|iPhone.ActiveCfg = Release|Any CPU
		{3A544DA5-7279-4C07-BB92-33238C14C912}.Release|iPhone.Build.0 = Release|Any CPU
		{3A544DA5-7279-4C07-BB92-33238C14C912}.Release|iPhoneSimulator.ActiveCfg = Release|Any CPU
		{3A544DA5-7279-4C07-BB92-33238C14C912}.Release|iPhoneSimulator.Build.0 = Release|Any CPU
	EndGlobalSection
	GlobalSection(SolutionProperties) = preSolution
		HideSolutionNode = FALSE
	EndGlobalSection
	GlobalSection(NestedProjects) = preSolution
		{1F6D4C70-A5C8-4081-8029-8503F202427B} = {4A3CB074-E2B9-4480-9E4C-004819790290}
		{DACD7FEB-3FCE-4108-870B-2293903A6F72} = {BB5F062B-B5F4-4C91-9B51-FABFD4151C57}
		{0393D583-541C-43B7-8693-ABD7B6548E6F} = {BB5F062B-B5F4-4C91-9B51-FABFD4151C57}
		{D69BE81C-5582-4289-8CF4-08E20E8300E5} = {BB5F062B-B5F4-4C91-9B51-FABFD4151C57}
		{B4B1D195-32B9-4795-B088-79B75BDA0637} = {4A3CB074-E2B9-4480-9E4C-004819790290}
		{B3487A66-7C64-4999-9B74-8218A47582AA} = {4A3CB074-E2B9-4480-9E4C-004819790290}
		{B7723FAC-DFB3-4174-A5A7-A2AAC1DECE8E} = {420E759D-49A7-4B93-8CE0-0D5F53F1F902}
		{57F76522-B312-4056-9350-42ED611DFC19} = {420E759D-49A7-4B93-8CE0-0D5F53F1F902}
		{3A544DA5-7279-4C07-BB92-33238C14C912} = {B93497F8-6086-4E39-96D5-1FF53E305E17}
	EndGlobalSection
EndGlobal
